
Microsoft Visual Studio Solution File, Format Version 12.00
# Visual Studio Version 17
VisualStudioVersion = 17.4.33205.214
MinimumVisualStudioVersion = 10.0.40219.1
Project("{2150E333-8FDC-42A3-9474-1A3956D46DE8}") = "Queue", "Queue", "{28701F97-64FB-4843-B75E-3D5FF9458895}"
EndProject
Project("{2150E333-8FDC-42A3-9474-1A3956D46DE8}") = "Hosting", "Hosting", "{365E909A-88FA-4477-AA77-6710E0A29648}"
EndProject
Project("{2150E333-8FDC-42A3-9474-1A3956D46DE8}") = "Common", "Common", "{110DDC5B-AE33-4A0F-82B0-5AD4F277D471}"
EndProject
Project("{2150E333-8FDC-42A3-9474-1A3956D46DE8}") = "RocketMQ", "RocketMQ", "{32857B56-31E8-436F-94F1-9D8B2BABB54C}"
EndProject
Project("{9A19103F-16F7-4668-BE54-9A1E7A4F7556}") = "HEF.XTask", "src\Common\HEF.XTask\HEF.XTask.csproj", "{95BC2263-CC5F-43DE-9D35-95F540F83FB8}"
EndProject
Project("{2150E333-8FDC-42A3-9474-1A3956D46DE8}") = "Runner", "Runner", "{798F0631-5935-4520-AB31-78D2EF793B00}"
EndProject
Project("{2150E333-8FDC-42A3-9474-1A3956D46DE8}") = "Integrations", "Integrations", "{849265D0-4087-4CDD-AAC8-47D1BFD5028F}"
EndProject
Project("{2150E333-8FDC-42A3-9474-1A3956D46DE8}") = "Modules", "Modules", "{BEE8414F-9C9A-44A8-8A10-F901C9A072D1}"
EndProject
Project("{9A19103F-16F7-4668-BE54-9A1E7A4F7556}") = "HEF.XTask.RocketMQ", "src\Integrations\RocketMQ\HEF.XTask.RocketMQ\HEF.XTask.RocketMQ.csproj", "{BEA9A1E9-5887-4493-9D06-34914DAB6A64}"
EndProject
Project("{9A19103F-16F7-4668-BE54-9A1E7A4F7556}") = "HEF.XTask.RocketMQ.DependencyInjection", "src\Integrations\RocketMQ\HEF.XTask.RocketMQ.DependencyInjection\HEF.XTask.RocketMQ.DependencyInjection.csproj", "{D6368059-9114-4527-9D13-8D951AE960F3}"
EndProject
Project("{9A19103F-16F7-4668-BE54-9A1E7A4F7556}") = "HEF.XTask.Queue", "src\Modules\Queue\HEF.XTask.Queue\HEF.XTask.Queue.csproj", "{C7D72E50-8239-450A-B9F6-36348FD0500D}"
EndProject
Project("{9A19103F-16F7-4668-BE54-9A1E7A4F7556}") = "HEF.XTask.Queue.Redis", "src\Modules\Queue\HEF.XTask.Queue.Redis\HEF.XTask.Queue.Redis.csproj", "{7F91FB0B-D41C-4C2B-8845-E3B082426B66}"
EndProject
Project("{9A19103F-16F7-4668-BE54-9A1E7A4F7556}") = "HEF.XTask.Runner", "src\Modules\Runner\HEF.XTask.Runner\HEF.XTask.Runner.csproj", "{CBBE82CC-5163-4B53-86A8-E94FFAB79E15}"
EndProject
Project("{9A19103F-16F7-4668-BE54-9A1E7A4F7556}") = "HEF.XTask.Hosting", "src\Modules\Hosting\HEF.XTask.Hosting\HEF.XTask.Hosting.csproj", "{7BBAF220-6EEF-4C84-9DB2-B56B32E76C43}"
EndProject
Project("{FAE04EC0-301F-11D3-BF4B-00C04F79EFBC}") = "HEF.XTask.Hosting.DependencyInjection", "src\Modules\Hosting\HEF.XTask.Hosting.DependencyInjection\HEF.XTask.Hosting.DependencyInjection.csproj", "{655D1C2D-FC32-4CEC-AEBA-359C8014D191}"
EndProject
Global
	GlobalSection(SolutionConfigurationPlatforms) = preSolution
		Debug|Any CPU = Debug|Any CPU
		Release|Any CPU = Release|Any CPU
	EndGlobalSection
	GlobalSection(ProjectConfigurationPlatforms) = postSolution
		{95BC2263-CC5F-43DE-9D35-95F540F83FB8}.Debug|Any CPU.ActiveCfg = Debug|Any CPU
		{95BC2263-CC5F-43DE-9D35-95F540F83FB8}.Debug|Any CPU.Build.0 = Debug|Any CPU
		{95BC2263-CC5F-43DE-9D35-95F540F83FB8}.Release|Any CPU.ActiveCfg = Release|Any CPU
		{95BC2263-CC5F-43DE-9D35-95F540F83FB8}.Release|Any CPU.Build.0 = Release|Any CPU
		{BEA9A1E9-5887-4493-9D06-34914DAB6A64}.Debug|Any CPU.ActiveCfg = Debug|Any CPU
		{BEA9A1E9-5887-4493-9D06-34914DAB6A64}.Debug|Any CPU.Build.0 = Debug|Any CPU
		{BEA9A1E9-5887-4493-9D06-34914DAB6A64}.Release|Any CPU.ActiveCfg = Release|Any CPU
		{BEA9A1E9-5887-4493-9D06-34914DAB6A64}.Release|Any CPU.Build.0 = Release|Any CPU
		{D6368059-9114-4527-9D13-8D951AE960F3}.Debug|Any CPU.ActiveCfg = Debug|Any CPU
		{D6368059-9114-4527-9D13-8D951AE960F3}.Debug|Any CPU.Build.0 = Debug|Any CPU
		{D6368059-9114-4527-9D13-8D951AE960F3}.Release|Any CPU.ActiveCfg = Release|Any CPU
		{D6368059-9114-4527-9D13-8D951AE960F3}.Release|Any CPU.Build.0 = Release|Any CPU
		{C7D72E50-8239-450A-B9F6-36348FD0500D}.Debug|Any CPU.ActiveCfg = Debug|Any CPU
		{C7D72E50-8239-450A-B9F6-36348FD0500D}.Debug|Any CPU.Build.0 = Debug|Any CPU
		{C7D72E50-8239-450A-B9F6-36348FD0500D}.Release|Any CPU.ActiveCfg = Release|Any CPU
		{C7D72E50-8239-450A-B9F6-36348FD0500D}.Release|Any CPU.Build.0 = Release|Any CPU
		{7F91FB0B-D41C-4C2B-8845-E3B082426B66}.Debug|Any CPU.ActiveCfg = Debug|Any CPU
		{7F91FB0B-D41C-4C2B-8845-E3B082426B66}.Debug|Any CPU.Build.0 = Debug|Any CPU
		{7F91FB0B-D41C-4C2B-8845-E3B082426B66}.Release|Any CPU.ActiveCfg = Release|Any CPU
		{7F91FB0B-D41C-4C2B-8845-E3B082426B66}.Release|Any CPU.Build.0 = Release|Any CPU
		{CBBE82CC-5163-4B53-86A8-E94FFAB79E15}.Debug|Any CPU.ActiveCfg = Debug|Any CPU
		{CBBE82CC-5163-4B53-86A8-E94FFAB79E15}.Debug|Any CPU.Build.0 = Debug|Any CPU
		{CBBE82CC-5163-4B53-86A8-E94FFAB79E15}.Release|Any CPU.ActiveCfg = Release|Any CPU
		{CBBE82CC-5163-4B53-86A8-E94FFAB79E15}.Release|Any CPU.Build.0 = Release|Any CPU
		{7BBAF220-6EEF-4C84-9DB2-B56B32E76C43}.Debug|Any CPU.ActiveCfg = Debug|Any CPU
		{7BBAF220-6EEF-4C84-9DB2-B56B32E76C43}.Debug|Any CPU.Build.0 = Debug|Any CPU
		{7BBAF220-6EEF-4C84-9DB2-B56B32E76C43}.Release|Any CPU.ActiveCfg = Release|Any CPU
		{7BBAF220-6EEF-4C84-9DB2-B56B32E76C43}.Release|Any CPU.Build.0 = Release|Any CPU
		{655D1C2D-FC32-4CEC-AEBA-359C8014D191}.Debug|Any CPU.ActiveCfg = Debug|Any CPU
		{655D1C2D-FC32-4CEC-AEBA-359C8014D191}.Debug|Any CPU.Build.0 = Debug|Any CPU
		{655D1C2D-FC32-4CEC-AEBA-359C8014D191}.Release|Any CPU.ActiveCfg = Release|Any CPU
		{655D1C2D-FC32-4CEC-AEBA-359C8014D191}.Release|Any CPU.Build.0 = Release|Any CPU
	EndGlobalSection
	GlobalSection(SolutionProperties) = preSolution
		HideSolutionNode = FALSE
	EndGlobalSection
	GlobalSection(NestedProjects) = preSolution
		{28701F97-64FB-4843-B75E-3D5FF9458895} = {BEE8414F-9C9A-44A8-8A10-F901C9A072D1}
		{365E909A-88FA-4477-AA77-6710E0A29648} = {BEE8414F-9C9A-44A8-8A10-F901C9A072D1}
		{32857B56-31E8-436F-94F1-9D8B2BABB54C} = {849265D0-4087-4CDD-AAC8-47D1BFD5028F}
		{95BC2263-CC5F-43DE-9D35-95F540F83FB8} = {110DDC5B-AE33-4A0F-82B0-5AD4F277D471}
		{798F0631-5935-4520-AB31-78D2EF793B00} = {BEE8414F-9C9A-44A8-8A10-F901C9A072D1}
		{BEA9A1E9-5887-4493-9D06-34914DAB6A64} = {32857B56-31E8-436F-94F1-9D8B2BABB54C}
		{D6368059-9114-4527-9D13-8D951AE960F3} = {32857B56-31E8-436F-94F1-9D8B2BABB54C}
		{C7D72E50-8239-450A-B9F6-36348FD0500D} = {28701F97-64FB-4843-B75E-3D5FF9458895}
		{7F91FB0B-D41C-4C2B-8845-E3B082426B66} = {28701F97-64FB-4843-B75E-3D5FF9458895}
		{CBBE82CC-5163-4B53-86A8-E94FFAB79E15} = {798F0631-5935-4520-AB31-78D2EF793B00}
		{7BBAF220-6EEF-4C84-9DB2-B56B32E76C43} = {365E909A-88FA-4477-AA77-6710E0A29648}
		{655D1C2D-FC32-4CEC-AEBA-359C8014D191} = {365E909A-88FA-4477-AA77-6710E0A29648}
	EndGlobalSection
	GlobalSection(ExtensibilityGlobals) = postSolution
		SolutionGuid = {5E582A76-01B3-4406-B6ED-9B81B507971A}
	EndGlobalSection
EndGlobal
