
Microsoft Visual Studio Solution File, Format Version 12.00
# Visual Studio Version 16
VisualStudioVersion = 16.0.30709.132
MinimumVisualStudioVersion = 10.0.40219.1
Project("{FAE04EC0-301F-11D3-BF4B-00C04F79EFBC}") = "HEF.XTask", "src\HEF.XTask\HEF.XTask.csproj", "{6A449D06-6632-4C65-ABB1-B19587549FFE}"
EndProject
Project("{FAE04EC0-301F-11D3-BF4B-00C04F79EFBC}") = "HEF.XTask.RocketMQ", "src\HEF.XTask.RocketMQ\HEF.XTask.RocketMQ.csproj", "{A0E6DF7D-D89E-4268-BC14-8275DACD711D}"
EndProject
Global
	GlobalSection(SolutionConfigurationPlatforms) = preSolution
		Debug|Any CPU = Debug|Any CPU
		Release|Any CPU = Release|Any CPU
	EndGlobalSection
	GlobalSection(ProjectConfigurationPlatforms) = postSolution
		{6A449D06-6632-4C65-ABB1-B19587549FFE}.Debug|Any CPU.ActiveCfg = Debug|Any CPU
		{6A449D06-6632-4C65-ABB1-B19587549FFE}.Debug|Any CPU.Build.0 = Debug|Any CPU
		{6A449D06-6632-4C65-ABB1-B19587549FFE}.Release|Any CPU.ActiveCfg = Release|Any CPU
		{6A449D06-6632-4C65-ABB1-B19587549FFE}.Release|Any CPU.Build.0 = Release|Any CPU
		{A0E6DF7D-D89E-4268-BC14-8275DACD711D}.Debug|Any CPU.ActiveCfg = Debug|Any CPU
		{A0E6DF7D-D89E-4268-BC14-8275DACD711D}.Debug|Any CPU.Build.0 = Debug|Any CPU
		{A0E6DF7D-D89E-4268-BC14-8275DACD711D}.Release|Any CPU.ActiveCfg = Release|Any CPU
		{A0E6DF7D-D89E-4268-BC14-8275DACD711D}.Release|Any CPU.Build.0 = Release|Any CPU
	EndGlobalSection
	GlobalSection(SolutionProperties) = preSolution
		HideSolutionNode = FALSE
	EndGlobalSection
	GlobalSection(ExtensibilityGlobals) = postSolution
		SolutionGuid = {5E582A76-01B3-4406-B6ED-9B81B507971A}
	EndGlobalSection
EndGlobal
